
Microsoft Visual Studio Solution File, Format Version 12.00
# Visual Studio Version 17
VisualStudioVersion = 17.4.33110.190
MinimumVisualStudioVersion = 10.0.40219.1
Project("{FAE04EC0-301F-11D3-BF4B-00C04F79EFBC}") = "Module2_Exercise01.Android", "Module2_Exercise01.Android\Module2_Exercise01.Android.csproj", "{62603EBF-6578-4296-8164-C15B425A3679}"
EndProject
Project("{FAE04EC0-301F-11D3-BF4B-00C04F79EFBC}") = "Module2_Exercise01", "Module2_Exercise01\Module2_Exercise01.csproj", "{C2BA9EC5-7A12-4CC0-B22D-3163BCFC5A04}"
EndProject
Global
	GlobalSection(SolutionConfigurationPlatforms) = preSolution
		Debug|Any CPU = Debug|Any CPU
		Release|Any CPU = Release|Any CPU
	EndGlobalSection
	GlobalSection(ProjectConfigurationPlatforms) = postSolution
		{62603EBF-6578-4296-8164-C15B425A3679}.Debug|Any CPU.ActiveCfg = Debug|Any CPU
		{62603EBF-6578-4296-8164-C15B425A3679}.Debug|Any CPU.Build.0 = Debug|Any CPU
		{62603EBF-6578-4296-8164-C15B425A3679}.Debug|Any CPU.Deploy.0 = Debug|Any CPU
		{62603EBF-6578-4296-8164-C15B425A3679}.Release|Any CPU.ActiveCfg = Release|Any CPU
		{62603EBF-6578-4296-8164-C15B425A3679}.Release|Any CPU.Build.0 = Release|Any CPU
		{62603EBF-6578-4296-8164-C15B425A3679}.Release|Any CPU.Deploy.0 = Release|Any CPU
		{C2BA9EC5-7A12-4CC0-B22D-3163BCFC5A04}.Debug|Any CPU.ActiveCfg = Debug|Any CPU
		{C2BA9EC5-7A12-4CC0-B22D-3163BCFC5A04}.Debug|Any CPU.Build.0 = Debug|Any CPU
		{C2BA9EC5-7A12-4CC0-B22D-3163BCFC5A04}.Debug|Any CPU.Deploy.0 = Debug|Any CPU
		{C2BA9EC5-7A12-4CC0-B22D-3163BCFC5A04}.Release|Any CPU.ActiveCfg = Release|Any CPU
		{C2BA9EC5-7A12-4CC0-B22D-3163BCFC5A04}.Release|Any CPU.Build.0 = Release|Any CPU
		{C2BA9EC5-7A12-4CC0-B22D-3163BCFC5A04}.Release|Any CPU.Deploy.0 = Release|Any CPU
	EndGlobalSection
	GlobalSection(SolutionProperties) = preSolution
		HideSolutionNode = FALSE
	EndGlobalSection
	GlobalSection(ExtensibilityGlobals) = postSolution
		SolutionGuid = {41C6166B-6D7A-4543-90DE-97C0D95EF886}
	EndGlobalSection
EndGlobal
